Microsoft Visual Studio Solution File, Format Version 11.00
# Visual Studio 2010
Project("{FAE04EC0-301F-11D3-BF4B-00C04F79EFBC}") = "Compositor1.0", "Assembly-CSharp.csproj", "{A199E442-5625-9093-40BF-9FC6E65BF7B6}"
EndProject
Project("{FAE04EC0-301F-11D3-BF4B-00C04F79EFBC}") = "Compositor1.0", "Assembly-CSharp-Editor-firstpass.csproj", "{F0A2689C-B8C1-D13D-21C3-ED9238CB47BD}"
EndProject
Global
	GlobalSection(SolutionConfigurationPlatforms) = preSolution
		Debug|Any CPU = Debug|Any CPU
		Release|Any CPU = Release|Any CPU
	EndGlobalSection
	GlobalSection(ProjectConfigurationPlatforms) = postSolution
		{A199E442-5625-9093-40BF-9FC6E65BF7B6}.Debug|Any CPU.ActiveCfg = Debug|Any CPU
		{A199E442-5625-9093-40BF-9FC6E65BF7B6}.Debug|Any CPU.Build.0 = Debug|Any CPU
		{A199E442-5625-9093-40BF-9FC6E65BF7B6}.Release|Any CPU.ActiveCfg = Release|Any CPU
		{A199E442-5625-9093-40BF-9FC6E65BF7B6}.Release|Any CPU.Build.0 = Release|Any CPU
		{F0A2689C-B8C1-D13D-21C3-ED9238CB47BD}.Debug|Any CPU.ActiveCfg = Debug|Any CPU
		{F0A2689C-B8C1-D13D-21C3-ED9238CB47BD}.Debug|Any CPU.Build.0 = Debug|Any CPU
		{F0A2689C-B8C1-D13D-21C3-ED9238CB47BD}.Release|Any CPU.ActiveCfg = Release|Any CPU
		{F0A2689C-B8C1-D13D-21C3-ED9238CB47BD}.Release|Any CPU.Build.0 = Release|Any CPU
	EndGlobalSection
	GlobalSection(MonoDevelopProperties) = preSolution
		StartupItem = Assembly-CSharp.csproj
	EndGlobalSection
EndGlobal
